
Microsoft Visual Studio Solution File, Format Version 12.00
# Visual Studio Version 17
VisualStudioVersion = 17.4.33205.214
MinimumVisualStudioVersion = 10.0.40219.1
Project("{FAE04EC0-301F-11D3-BF4B-00C04F79EFBC}") = "CaseManagementSystem", "CaseManagementSystem\CaseManagementSystem.csproj", "{BED5A864-9F6C-4E0F-899C-88155C8286B5}"
EndProject
Global
	GlobalSection(SolutionConfigurationPlatforms) = preSolution
		Debug|Any CPU = Debug|Any CPU
		Release|Any CPU = Release|Any CPU
	EndGlobalSection
	GlobalSection(ProjectConfigurationPlatforms) = postSolution
		{BED5A864-9F6C-4E0F-899C-88155C8286B5}.Debug|Any CPU.ActiveCfg = Debug|Any CPU
		{BED5A864-9F6C-4E0F-899C-88155C8286B5}.Debug|Any CPU.Build.0 = Debug|Any CPU
		{BED5A864-9F6C-4E0F-899C-88155C8286B5}.Release|Any CPU.ActiveCfg = Release|Any CPU
		{BED5A864-9F6C-4E0F-899C-88155C8286B5}.Release|Any CPU.Build.0 = Release|Any CPU
	EndGlobalSection
	GlobalSection(SolutionProperties) = preSolution
		HideSolutionNode = FALSE
	EndGlobalSection
	GlobalSection(ExtensibilityGlobals) = postSolution
		SolutionGuid = {614A5A5C-4E0F-40CF-B83E-94CDB6263BE0}
	EndGlobalSection
EndGlobal
